# This file is automatically @generated by Cargo.
# It is not intended for manual editing.
version = 4

[[package]]
name = "quote"
version = "1.0.0"

[[package]]
name = "squealy"
version = "0.1.0"
dependencies = [
 "squealy-macros",
]

[[package]]
name = "squealy-macros"
version = "0.1.0"
dependencies = [
 "quote",
]
